{
  "name": "DTCmpServerSide",
  "lockfileVersion": 3,
  "requires": true,
  "packages": {
    "": {
      "name": "DTCmpServerSide",
      "dependencies": {
        "bootstrap5": "^1.1.9",
        "datatables.net-bs5": "^2.1.8",
        "datatables.net-responsive-bs5": "^3.0.3",
        "font-awesome": "^4.7.0",
        "jquery": "^3.7.1"
      }
    },
    "node_modules/bootstrap5": {
      "version": "1.1.9",
      "resolved": "https://registry.npmjs.org/bootstrap5/-/bootstrap5-1.1.9.tgz",
      "integrity": "sha512-XZSujP1vsslV7iUgPHRLobe+rL7pYUvZaK2Erk0r45m00cQZz/No3Ua7cenlCFLN+gOMEWYU+ipa8Ktzz79oVA==",
      "license": "MIT"
    },
    "node_modules/datatables.net": {
      "version": "2.3.0",
      "resolved": "https://registry.npmjs.org/datatables.net/-/datatables.net-2.3.0.tgz",
      "integrity": "sha512-IX5Dsc7bTNqI3RyT4B7imtFicLMCg7ZLwwx/gvR6cbwYgfG+mLX2KAVm7BNmnwOhUdMMcGSGSE19RpTn31TTGQ==",
      "license": "MIT",
      "dependencies": {
        "jquery": ">=1.7"
      }
    },
    "node_modules/datatables.net-bs5": {
      "version": "2.3.0",
      "resolved": "https://registry.npmjs.org/datatables.net-bs5/-/datatables.net-bs5-2.3.0.tgz",
      "integrity": "sha512-JvcYrf2kEVzHY7NKsJxV132kehhc5+iRIpZAYmYqSW52yCcMiQYWtw1Z4+Wb/FMbJDQwP9exCtTwroLYPKwkeQ==",
      "license": "MIT",
      "dependencies": {
        "datatables.net": "2.3.0",
        "jquery": ">=1.7"
      }
    },
    "node_modules/datatables.net-responsive": {
      "version": "3.0.4",
      "resolved": "https://registry.npmjs.org/datatables.net-responsive/-/datatables.net-responsive-3.0.4.tgz",
      "integrity": "sha512-d1JKaWPRp81xydZrTDqrzGTloXthDtyvwbqiSKYUhDBKWTL4wN5IW5WYr4OBPwu21Ctpi/QgOl7mt9MfyF8KxA==",
      "license": "MIT",
      "dependencies": {
        "datatables.net": "^2",
        "jquery": ">=1.7"
      }
    },
    "node_modules/datatables.net-responsive-bs5": {
      "version": "3.0.4",
      "resolved": "https://registry.npmjs.org/datatables.net-responsive-bs5/-/datatables.net-responsive-bs5-3.0.4.tgz",
      "integrity": "sha512-/RufNJAFFmXkhfyBmXKfLlpopoKNkeDytMHHbsiBkoTRllJik9rtOON5NuMJOCL8sjwM2c+rUo/rzuXNk/70Qw==",
      "license": "MIT",
      "dependencies": {
        "datatables.net-bs5": "^2",
        "datatables.net-responsive": "3.0.4",
        "jquery": ">=1.7"
      }
    },
    "node_modules/font-awesome": {
      "version": "4.7.0",
      "resolved": "https://registry.npmjs.org/font-awesome/-/font-awesome-4.7.0.tgz",
      "integrity": "sha512-U6kGnykA/6bFmg1M/oT9EkFeIYv7JlX3bozwQJWiiLz6L0w3F5vBVPxHlwyX/vtNq1ckcpRKOB9f2Qal/VtFpg==",
      "license": "(OFL-1.1 AND MIT)",
      "engines": {
        "node": ">=0.10.3"
      }
    },
    "node_modules/jquery": {
      "version": "3.7.1",
      "resolved": "https://registry.npmjs.org/jquery/-/jquery-3.7.1.tgz",
      "integrity": "sha512-m4avr8yL8kmFN8psrbFFFmB/If14iN5o9nw/NgnnM+kybDJpRsAynV2BsfpTYrTRysYUdADVD7CkUUizgkpLfg==",
      "license": "MIT"
    }
  }
}
